
Microsoft Visual Studio Solution File, Format Version 12.00
# Visual Studio 15
VisualStudioVersion = 15.0.27428.2037
MinimumVisualStudioVersion = 10.0.40219.1
Project("{FAE04EC0-301F-11D3-BF4B-00C04F79EFBC}") = "BasicAuthentication", "BasicAuthentication\BasicAuthentication.csproj", "{BAE45776-2EB2-45BC-8DE1-4A6B9A5BABDD}"
EndProject
Global
	GlobalSection(SolutionConfigurationPlatforms) = preSolution
		Debug|Any CPU = Debug|Any CPU
		Release|Any CPU = Release|Any CPU
	EndGlobalSection
	GlobalSection(ProjectConfigurationPlatforms) = postSolution
		{BAE45776-2EB2-45BC-8DE1-4A6B9A5BABDD}.Debug|Any CPU.ActiveCfg = Debug|Any CPU
		{BAE45776-2EB2-45BC-8DE1-4A6B9A5BABDD}.Debug|Any CPU.Build.0 = Debug|Any CPU
		{BAE45776-2EB2-45BC-8DE1-4A6B9A5BABDD}.Release|Any CPU.ActiveCfg = Release|Any CPU
		{BAE45776-2EB2-45BC-8DE1-4A6B9A5BABDD}.Release|Any CPU.Build.0 = Release|Any CPU
	EndGlobalSection
	GlobalSection(SolutionProperties) = preSolution
		HideSolutionNode = FALSE
	EndGlobalSection
	GlobalSection(ExtensibilityGlobals) = postSolution
		SolutionGuid = {2CEE21F3-7B1C-408D-87BA-1C29A5193A60}
	EndGlobalSection
EndGlobal
